<?xml version="1.0" encoding="utf-8"?>
<Project ToolsVersion="17.0" xmlns="http://schemas.microsoft.com/developer/msbuild/2003">
  <ItemGroup>
    <ClCompile Include="D:\FluentPinyin\src\common\logging.cpp">
      <Filter>Source Files</Filter>
    </ClCompile>
    <ClCompile Include="D:\FluentPinyin\src\common\path_utils.cpp">
      <Filter>Source Files</Filter>
    </ClCompile>
  </ItemGroup>
  <ItemGroup>
    <CustomBuild Include="D:\FluentPinyin\CMakeLists.txt" />
  </ItemGroup>
  <ItemGroup>
    <Filter Include="Source Files">
      <UniqueIdentifier>{DBB01AD4-2063-3BE0-A19F-FE82FA9DD96F}</UniqueIdentifier>
    </Filter>
  </ItemGroup>
</Project>
