<?xml version="1.0" encoding="utf-8"?>
<Project ToolsVersion="17.0" xmlns="http://schemas.microsoft.com/developer/msbuild/2003">
  <ItemGroup>
    <CustomBuild Include="D:\FluentPinyin\build-fp-label\CMakeFiles\27402ca4b96515276d2ac9e189e9861e\generate.stamp.rule">
      <Filter>CMake Rules</Filter>
    </CustomBuild>
  </ItemGroup>
  <ItemGroup>
    <Filter Include="CMake Rules">
      <UniqueIdentifier>{9C21EA33-C5F8-3CF4-A9EA-DCC25CB7417C}</UniqueIdentifier>
    </Filter>
  </ItemGroup>
</Project>
