
Microsoft Visual Studio Solution File, Format Version 12.00
# Visual Studio Version 17
Project("{8BC9CEB8-8B4A-11D0-8D11-00A0C91BC942}") = "ALL_BUILD", "ALL_BUILD.vcxproj", "{969207FE-352C-3950-9448-D9D95D9A5353}"
	ProjectSection(ProjectDependencies) = postProject
		{D42954A4-BD93-3313-AE5A-AF2EB363645E} = {D42954A4-BD93-3313-AE5A-AF2EB363645E}
		{5584698F-5984-3618-BDE5-269685123D67} = {5584698F-5984-3618-BDE5-269685123D67}
		{1AEA595D-EDAB-3AC4-8DFE-80B8BA5E3D53} = {1AEA595D-EDAB-3AC4-8DFE-80B8BA5E3D53}
		{66439EDF-73E3-32BD-8237-87DF0AC94832} = {66439EDF-73E3-32BD-8237-87DF0AC94832}
		{6F86525A-7D4B-3175-B08F-96309A75A817} = {6F86525A-7D4B-3175-B08F-96309A75A817}
		{88E8574F-FFA6-33BB-B87D-CA481752DD2A} = {88E8574F-FFA6-33BB-B87D-CA481752DD2A}
		{DB284F79-5BC2-33DA-B674-938CEE621244} = {DB284F79-5BC2-33DA-B674-938CEE621244}
		{69F7C04D-72E0-31E2-9F34-D4B5B6E430C6} = {69F7C04D-72E0-31E2-9F34-D4B5B6E430C6}
	EndProjectSection
EndProject
Project("{8BC9CEB8-8B4A-11D0-8D11-00A0C91BC942}") = "ZERO_CHECK", "ZERO_CHECK.vcxproj", "{D42954A4-BD93-3313-AE5A-AF2EB363645E}"
	ProjectSection(ProjectDependencies) = postProject
	EndProjectSection
EndProject
Project("{8BC9CEB8-8B4A-11D0-8D11-00A0C91BC942}") = "fp_common", "fp_common.vcxproj", "{5584698F-5984-3618-BDE5-269685123D67}"
	ProjectSection(ProjectDependencies) = postProject
		{D42954A4-BD93-3313-AE5A-AF2EB363645E} = {D42954A4-BD93-3313-AE5A-AF2EB363645E}
	EndProjectSection
EndProject
Project("{8BC9CEB8-8B4A-11D0-8D11-00A0C91BC942}") = "fp_config", "fp_config.vcxproj", "{1AEA595D-EDAB-3AC4-8DFE-80B8BA5E3D53}"
	ProjectSection(ProjectDependencies) = postProject
		{D42954A4-BD93-3313-AE5A-AF2EB363645E} = {D42954A4-BD93-3313-AE5A-AF2EB363645E}
		{5584698F-5984-3618-BDE5-269685123D67} = {5584698F-5984-3618-BDE5-269685123D67}
	EndProjectSection
EndProject
Project("{8BC9CEB8-8B4A-11D0-8D11-00A0C91BC942}") = "fp_core", "fp_core.vcxproj", "{66439EDF-73E3-32BD-8237-87DF0AC94832}"
	ProjectSection(ProjectDependencies) = postProject
		{D42954A4-BD93-3313-AE5A-AF2EB363645E} = {D42954A4-BD93-3313-AE5A-AF2EB363645E}
		{5584698F-5984-3618-BDE5-269685123D67} = {5584698F-5984-3618-BDE5-269685123D67}
	EndProjectSection
EndProject
Project("{8BC9CEB8-8B4A-11D0-8D11-00A0C91BC942}") = "fp_devtools", "fp_devtools.vcxproj", "{6F86525A-7D4B-3175-B08F-96309A75A817}"
	ProjectSection(ProjectDependencies) = postProject
		{D42954A4-BD93-3313-AE5A-AF2EB363645E} = {D42954A4-BD93-3313-AE5A-AF2EB363645E}
		{5584698F-5984-3618-BDE5-269685123D67} = {5584698F-5984-3618-BDE5-269685123D67}
	EndProjectSection
EndProject
Project("{8BC9CEB8-8B4A-11D0-8D11-00A0C91BC942}") = "fp_tsf", "fp_tsf.vcxproj", "{88E8574F-FFA6-33BB-B87D-CA481752DD2A}"
	ProjectSection(ProjectDependencies) = postProject
		{D42954A4-BD93-3313-AE5A-AF2EB363645E} = {D42954A4-BD93-3313-AE5A-AF2EB363645E}
		{5584698F-5984-3618-BDE5-269685123D67} = {5584698F-5984-3618-BDE5-269685123D67}
		{66439EDF-73E3-32BD-8237-87DF0AC94832} = {66439EDF-73E3-32BD-8237-87DF0AC94832}
	EndProjectSection
EndProject
Project("{8BC9CEB8-8B4A-11D0-8D11-00A0C91BC942}") = "fp_ui", "fp_ui.vcxproj", "{DB284F79-5BC2-33DA-B674-938CEE621244}"
	ProjectSection(ProjectDependencies) = postProject
		{D42954A4-BD93-3313-AE5A-AF2EB363645E} = {D42954A4-BD93-3313-AE5A-AF2EB363645E}
		{5584698F-5984-3618-BDE5-269685123D67} = {5584698F-5984-3618-BDE5-269685123D67}
	EndProjectSection
EndProject
Project("{8BC9CEB8-8B4A-11D0-8D11-00A0C91BC942}") = "fp_updater", "fp_updater.vcxproj", "{69F7C04D-72E0-31E2-9F34-D4B5B6E430C6}"
	ProjectSection(ProjectDependencies) = postProject
		{D42954A4-BD93-3313-AE5A-AF2EB363645E} = {D42954A4-BD93-3313-AE5A-AF2EB363645E}
		{5584698F-5984-3618-BDE5-269685123D67} = {5584698F-5984-3618-BDE5-269685123D67}
	EndProjectSection
EndProject
Global
	GlobalSection(SolutionConfigurationPlatforms) = preSolution
		Debug|x64 = Debug|x64
		Release|x64 = Release|x64
		MinSizeRel|x64 = MinSizeRel|x64
		RelWithDebInfo|x64 = RelWithDebInfo|x64
	EndGlobalSection
	GlobalSection(ProjectConfigurationPlatforms) = postSolution
		{969207FE-352C-3950-9448-D9D95D9A5353}.Debug|x64.ActiveCfg = Debug|x64
		{969207FE-352C-3950-9448-D9D95D9A5353}.Release|x64.ActiveCfg = Release|x64
		{969207FE-352C-3950-9448-D9D95D9A5353}.MinSizeRel|x64.ActiveCfg = MinSizeRel|x64
		{969207FE-352C-3950-9448-D9D95D9A5353}.RelWithDebInfo|x64.ActiveCfg = RelWithDebInfo|x64
		{D42954A4-BD93-3313-AE5A-AF2EB363645E}.Debug|x64.ActiveCfg = Debug|x64
		{D42954A4-BD93-3313-AE5A-AF2EB363645E}.Debug|x64.Build.0 = Debug|x64
		{D42954A4-BD93-3313-AE5A-AF2EB363645E}.Release|x64.ActiveCfg = Release|x64
		{D42954A4-BD93-3313-AE5A-AF2EB363645E}.Release|x64.Build.0 = Release|x64
		{D42954A4-BD93-3313-AE5A-AF2EB363645E}.MinSizeRel|x64.ActiveCfg = MinSizeRel|x64
		{D42954A4-BD93-3313-AE5A-AF2EB363645E}.MinSizeRel|x64.Build.0 = MinSizeRel|x64
		{D42954A4-BD93-3313-AE5A-AF2EB363645E}.RelWithDebInfo|x64.ActiveCfg = RelWithDebInfo|x64
		{D42954A4-BD93-3313-AE5A-AF2EB363645E}.RelWithDebInfo|x64.Build.0 = RelWithDebInfo|x64
		{5584698F-5984-3618-BDE5-269685123D67}.Debug|x64.ActiveCfg = Debug|x64
		{5584698F-5984-3618-BDE5-269685123D67}.Debug|x64.Build.0 = Debug|x64
		{5584698F-5984-3618-BDE5-269685123D67}.Release|x64.ActiveCfg = Release|x64
		{5584698F-5984-3618-BDE5-269685123D67}.Release|x64.Build.0 = Release|x64
		{5584698F-5984-3618-BDE5-269685123D67}.MinSizeRel|x64.ActiveCfg = MinSizeRel|x64
		{5584698F-5984-3618-BDE5-269685123D67}.MinSizeRel|x64.Build.0 = MinSizeRel|x64
		{5584698F-5984-3618-BDE5-269685123D67}.RelWithDebInfo|x64.ActiveCfg = RelWithDebInfo|x64
		{5584698F-5984-3618-BDE5-269685123D67}.RelWithDebInfo|x64.Build.0 = RelWithDebInfo|x64
		{1AEA595D-EDAB-3AC4-8DFE-80B8BA5E3D53}.Debug|x64.ActiveCfg = Debug|x64
		{1AEA595D-EDAB-3AC4-8DFE-80B8BA5E3D53}.Debug|x64.Build.0 = Debug|x64
		{1AEA595D-EDAB-3AC4-8DFE-80B8BA5E3D53}.Release|x64.ActiveCfg = Release|x64
		{1AEA595D-EDAB-3AC4-8DFE-80B8BA5E3D53}.Release|x64.Build.0 = Release|x64
		{1AEA595D-EDAB-3AC4-8DFE-80B8BA5E3D53}.MinSizeRel|x64.ActiveCfg = MinSizeRel|x64
		{1AEA595D-EDAB-3AC4-8DFE-80B8BA5E3D53}.MinSizeRel|x64.Build.0 = MinSizeRel|x64
		{1AEA595D-EDAB-3AC4-8DFE-80B8BA5E3D53}.RelWithDebInfo|x64.ActiveCfg = RelWithDebInfo|x64
		{1AEA595D-EDAB-3AC4-8DFE-80B8BA5E3D53}.RelWithDebInfo|x64.Build.0 = RelWithDebInfo|x64
		{66439EDF-73E3-32BD-8237-87DF0AC94832}.Debug|x64.ActiveCfg = Debug|x64
		{66439EDF-73E3-32BD-8237-87DF0AC94832}.Debug|x64.Build.0 = Debug|x64
		{66439EDF-73E3-32BD-8237-87DF0AC94832}.Release|x64.ActiveCfg = Release|x64
		{66439EDF-73E3-32BD-8237-87DF0AC94832}.Release|x64.Build.0 = Release|x64
		{66439EDF-73E3-32BD-8237-87DF0AC94832}.MinSizeRel|x64.ActiveCfg = MinSizeRel|x64
		{66439EDF-73E3-32BD-8237-87DF0AC94832}.MinSizeRel|x64.Build.0 = MinSizeRel|x64
		{66439EDF-73E3-32BD-8237-87DF0AC94832}.RelWithDebInfo|x64.ActiveCfg = RelWithDebInfo|x64
		{66439EDF-73E3-32BD-8237-87DF0AC94832}.RelWithDebInfo|x64.Build.0 = RelWithDebInfo|x64
		{6F86525A-7D4B-3175-B08F-96309A75A817}.Debug|x64.ActiveCfg = Debug|x64
		{6F86525A-7D4B-3175-B08F-96309A75A817}.Debug|x64.Build.0 = Debug|x64
		{6F86525A-7D4B-3175-B08F-96309A75A817}.Release|x64.ActiveCfg = Release|x64
		{6F86525A-7D4B-3175-B08F-96309A75A817}.Release|x64.Build.0 = Release|x64
		{6F86525A-7D4B-3175-B08F-96309A75A817}.MinSizeRel|x64.ActiveCfg = MinSizeRel|x64
		{6F86525A-7D4B-3175-B08F-96309A75A817}.MinSizeRel|x64.Build.0 = MinSizeRel|x64
		{6F86525A-7D4B-3175-B08F-96309A75A817}.RelWithDebInfo|x64.ActiveCfg = RelWithDebInfo|x64
		{6F86525A-7D4B-3175-B08F-96309A75A817}.RelWithDebInfo|x64.Build.0 = RelWithDebInfo|x64
		{88E8574F-FFA6-33BB-B87D-CA481752DD2A}.Debug|x64.ActiveCfg = Debug|x64
		{88E8574F-FFA6-33BB-B87D-CA481752DD2A}.Debug|x64.Build.0 = Debug|x64
		{88E8574F-FFA6-33BB-B87D-CA481752DD2A}.Release|x64.ActiveCfg = Release|x64
		{88E8574F-FFA6-33BB-B87D-CA481752DD2A}.Release|x64.Build.0 = Release|x64
		{88E8574F-FFA6-33BB-B87D-CA481752DD2A}.MinSizeRel|x64.ActiveCfg = MinSizeRel|x64
		{88E8574F-FFA6-33BB-B87D-CA481752DD2A}.MinSizeRel|x64.Build.0 = MinSizeRel|x64
		{88E8574F-FFA6-33BB-B87D-CA481752DD2A}.RelWithDebInfo|x64.ActiveCfg = RelWithDebInfo|x64
		{88E8574F-FFA6-33BB-B87D-CA481752DD2A}.RelWithDebInfo|x64.Build.0 = RelWithDebInfo|x64
		{DB284F79-5BC2-33DA-B674-938CEE621244}.Debug|x64.ActiveCfg = Debug|x64
		{DB284F79-5BC2-33DA-B674-938CEE621244}.Debug|x64.Build.0 = Debug|x64
		{DB284F79-5BC2-33DA-B674-938CEE621244}.Release|x64.ActiveCfg = Release|x64
		{DB284F79-5BC2-33DA-B674-938CEE621244}.Release|x64.Build.0 = Release|x64
		{DB284F79-5BC2-33DA-B674-938CEE621244}.MinSizeRel|x64.ActiveCfg = MinSizeRel|x64
		{DB284F79-5BC2-33DA-B674-938CEE621244}.MinSizeRel|x64.Build.0 = MinSizeRel|x64
		{DB284F79-5BC2-33DA-B674-938CEE621244}.RelWithDebInfo|x64.ActiveCfg = RelWithDebInfo|x64
		{DB284F79-5BC2-33DA-B674-938CEE621244}.RelWithDebInfo|x64.Build.0 = RelWithDebInfo|x64
		{69F7C04D-72E0-31E2-9F34-D4B5B6E430C6}.Debug|x64.ActiveCfg = Debug|x64
		{69F7C04D-72E0-31E2-9F34-D4B5B6E430C6}.Debug|x64.Build.0 = Debug|x64
		{69F7C04D-72E0-31E2-9F34-D4B5B6E430C6}.Release|x64.ActiveCfg = Release|x64
		{69F7C04D-72E0-31E2-9F34-D4B5B6E430C6}.Release|x64.Build.0 = Release|x64
		{69F7C04D-72E0-31E2-9F34-D4B5B6E430C6}.MinSizeRel|x64.ActiveCfg = MinSizeRel|x64
		{69F7C04D-72E0-31E2-9F34-D4B5B6E430C6}.MinSizeRel|x64.Build.0 = MinSizeRel|x64
		{69F7C04D-72E0-31E2-9F34-D4B5B6E430C6}.RelWithDebInfo|x64.ActiveCfg = RelWithDebInfo|x64
		{69F7C04D-72E0-31E2-9F34-D4B5B6E430C6}.RelWithDebInfo|x64.Build.0 = RelWithDebInfo|x64
	EndGlobalSection
	GlobalSection(ExtensibilityGlobals) = postSolution
		SolutionGuid = {071BF089-F40B-317B-9849-6037C11CEAF7}
	EndGlobalSection
	GlobalSection(ExtensibilityAddIns) = postSolution
	EndGlobalSection
EndGlobal
