<?xml version="1.0" encoding="utf-8"?>
<Project ToolsVersion="17.0" xmlns="http://schemas.microsoft.com/developer/msbuild/2003">
  <ItemGroup>
    <CustomBuild Include="D:\FluentPinyin\build-verify-safe\CMakeFiles\639275dbf018c859eb780ef8472ef551\generate.stamp.rule">
      <Filter>CMake Rules</Filter>
    </CustomBuild>
  </ItemGroup>
  <ItemGroup>
    <Filter Include="CMake Rules">
      <UniqueIdentifier>{8566E2B2-D0DB-3CCE-A53E-0E08E51F9E59}</UniqueIdentifier>
    </Filter>
  </ItemGroup>
</Project>
