
Microsoft Visual Studio Solution File, Format Version 12.00
# Visual Studio Version 17
Project("{8BC9CEB8-8B4A-11D0-8D11-00A0C91BC942}") = "ALL_BUILD", "ALL_BUILD.vcxproj", "{954A20EA-C7FF-3ECB-94D0-BC23D2CFD707}"
	ProjectSection(ProjectDependencies) = postProject
		{F0890C50-2A1E-39A2-B629-BE1A04684A0E} = {F0890C50-2A1E-39A2-B629-BE1A04684A0E}
		{DEDCFE91-712A-3C96-ACEF-C162D8F8B83E} = {DEDCFE91-712A-3C96-ACEF-C162D8F8B83E}
		{54436006-A2B2-3B2D-AA96-B37C719BD3A9} = {54436006-A2B2-3B2D-AA96-B37C719BD3A9}
		{9351A658-D834-372D-9B22-183ADECAB793} = {9351A658-D834-372D-9B22-183ADECAB793}
		{1D84B2BE-A121-3CEA-B5CC-DE5EDE46A6DB} = {1D84B2BE-A121-3CEA-B5CC-DE5EDE46A6DB}
		{A42983FC-1A11-3D1D-A161-8FEE07596A32} = {A42983FC-1A11-3D1D-A161-8FEE07596A32}
		{4C198719-A15C-3B56-A521-0B0B9F955D61} = {4C198719-A15C-3B56-A521-0B0B9F955D61}
		{9C625392-CFA8-3380-9524-BC5575E81FA6} = {9C625392-CFA8-3380-9524-BC5575E81FA6}
		{5527705F-510F-3EDA-BD30-8CA9D7CAABD5} = {5527705F-510F-3EDA-BD30-8CA9D7CAABD5}
	EndProjectSection
EndProject
Project("{8BC9CEB8-8B4A-11D0-8D11-00A0C91BC942}") = "ZERO_CHECK", "ZERO_CHECK.vcxproj", "{F0890C50-2A1E-39A2-B629-BE1A04684A0E}"
	ProjectSection(ProjectDependencies) = postProject
	EndProjectSection
EndProject
Project("{8BC9CEB8-8B4A-11D0-8D11-00A0C91BC942}") = "fp_common", "fp_common.vcxproj", "{DEDCFE91-712A-3C96-ACEF-C162D8F8B83E}"
	ProjectSection(ProjectDependencies) = postProject
		{F0890C50-2A1E-39A2-B629-BE1A04684A0E} = {F0890C50-2A1E-39A2-B629-BE1A04684A0E}
	EndProjectSection
EndProject
Project("{8BC9CEB8-8B4A-11D0-8D11-00A0C91BC942}") = "fp_config", "fp_config.vcxproj", "{54436006-A2B2-3B2D-AA96-B37C719BD3A9}"
	ProjectSection(ProjectDependencies) = postProject
		{F0890C50-2A1E-39A2-B629-BE1A04684A0E} = {F0890C50-2A1E-39A2-B629-BE1A04684A0E}
		{DEDCFE91-712A-3C96-ACEF-C162D8F8B83E} = {DEDCFE91-712A-3C96-ACEF-C162D8F8B83E}
	EndProjectSection
EndProject
Project("{8BC9CEB8-8B4A-11D0-8D11-00A0C91BC942}") = "fp_core", "fp_core.vcxproj", "{9351A658-D834-372D-9B22-183ADECAB793}"
	ProjectSection(ProjectDependencies) = postProject
		{F0890C50-2A1E-39A2-B629-BE1A04684A0E} = {F0890C50-2A1E-39A2-B629-BE1A04684A0E}
		{DEDCFE91-712A-3C96-ACEF-C162D8F8B83E} = {DEDCFE91-712A-3C96-ACEF-C162D8F8B83E}
	EndProjectSection
EndProject
Project("{8BC9CEB8-8B4A-11D0-8D11-00A0C91BC942}") = "fp_devtools", "fp_devtools.vcxproj", "{1D84B2BE-A121-3CEA-B5CC-DE5EDE46A6DB}"
	ProjectSection(ProjectDependencies) = postProject
		{F0890C50-2A1E-39A2-B629-BE1A04684A0E} = {F0890C50-2A1E-39A2-B629-BE1A04684A0E}
		{DEDCFE91-712A-3C96-ACEF-C162D8F8B83E} = {DEDCFE91-712A-3C96-ACEF-C162D8F8B83E}
	EndProjectSection
EndProject
Project("{8BC9CEB8-8B4A-11D0-8D11-00A0C91BC942}") = "fp_rime_smoke", "fp_rime_smoke.vcxproj", "{A42983FC-1A11-3D1D-A161-8FEE07596A32}"
	ProjectSection(ProjectDependencies) = postProject
		{F0890C50-2A1E-39A2-B629-BE1A04684A0E} = {F0890C50-2A1E-39A2-B629-BE1A04684A0E}
		{DEDCFE91-712A-3C96-ACEF-C162D8F8B83E} = {DEDCFE91-712A-3C96-ACEF-C162D8F8B83E}
	EndProjectSection
EndProject
Project("{8BC9CEB8-8B4A-11D0-8D11-00A0C91BC942}") = "fp_tsf", "fp_tsf.vcxproj", "{4C198719-A15C-3B56-A521-0B0B9F955D61}"
	ProjectSection(ProjectDependencies) = postProject
		{F0890C50-2A1E-39A2-B629-BE1A04684A0E} = {F0890C50-2A1E-39A2-B629-BE1A04684A0E}
		{DEDCFE91-712A-3C96-ACEF-C162D8F8B83E} = {DEDCFE91-712A-3C96-ACEF-C162D8F8B83E}
		{9351A658-D834-372D-9B22-183ADECAB793} = {9351A658-D834-372D-9B22-183ADECAB793}
	EndProjectSection
EndProject
Project("{8BC9CEB8-8B4A-11D0-8D11-00A0C91BC942}") = "fp_ui", "fp_ui.vcxproj", "{9C625392-CFA8-3380-9524-BC5575E81FA6}"
	ProjectSection(ProjectDependencies) = postProject
		{F0890C50-2A1E-39A2-B629-BE1A04684A0E} = {F0890C50-2A1E-39A2-B629-BE1A04684A0E}
		{DEDCFE91-712A-3C96-ACEF-C162D8F8B83E} = {DEDCFE91-712A-3C96-ACEF-C162D8F8B83E}
	EndProjectSection
EndProject
Project("{8BC9CEB8-8B4A-11D0-8D11-00A0C91BC942}") = "fp_updater", "fp_updater.vcxproj", "{5527705F-510F-3EDA-BD30-8CA9D7CAABD5}"
	ProjectSection(ProjectDependencies) = postProject
		{F0890C50-2A1E-39A2-B629-BE1A04684A0E} = {F0890C50-2A1E-39A2-B629-BE1A04684A0E}
		{DEDCFE91-712A-3C96-ACEF-C162D8F8B83E} = {DEDCFE91-712A-3C96-ACEF-C162D8F8B83E}
	EndProjectSection
EndProject
Global
	GlobalSection(SolutionConfigurationPlatforms) = preSolution
		Debug|x64 = Debug|x64
		Release|x64 = Release|x64
		MinSizeRel|x64 = MinSizeRel|x64
		RelWithDebInfo|x64 = RelWithDebInfo|x64
	EndGlobalSection
	GlobalSection(ProjectConfigurationPlatforms) = postSolution
		{954A20EA-C7FF-3ECB-94D0-BC23D2CFD707}.Debug|x64.ActiveCfg = Debug|x64
		{954A20EA-C7FF-3ECB-94D0-BC23D2CFD707}.Release|x64.ActiveCfg = Release|x64
		{954A20EA-C7FF-3ECB-94D0-BC23D2CFD707}.MinSizeRel|x64.ActiveCfg = MinSizeRel|x64
		{954A20EA-C7FF-3ECB-94D0-BC23D2CFD707}.RelWithDebInfo|x64.ActiveCfg = RelWithDebInfo|x64
		{F0890C50-2A1E-39A2-B629-BE1A04684A0E}.Debug|x64.ActiveCfg = Debug|x64
		{F0890C50-2A1E-39A2-B629-BE1A04684A0E}.Debug|x64.Build.0 = Debug|x64
		{F0890C50-2A1E-39A2-B629-BE1A04684A0E}.Release|x64.ActiveCfg = Release|x64
		{F0890C50-2A1E-39A2-B629-BE1A04684A0E}.Release|x64.Build.0 = Release|x64
		{F0890C50-2A1E-39A2-B629-BE1A04684A0E}.MinSizeRel|x64.ActiveCfg = MinSizeRel|x64
		{F0890C50-2A1E-39A2-B629-BE1A04684A0E}.MinSizeRel|x64.Build.0 = MinSizeRel|x64
		{F0890C50-2A1E-39A2-B629-BE1A04684A0E}.RelWithDebInfo|x64.ActiveCfg = RelWithDebInfo|x64
		{F0890C50-2A1E-39A2-B629-BE1A04684A0E}.RelWithDebInfo|x64.Build.0 = RelWithDebInfo|x64
		{DEDCFE91-712A-3C96-ACEF-C162D8F8B83E}.Debug|x64.ActiveCfg = Debug|x64
		{DEDCFE91-712A-3C96-ACEF-C162D8F8B83E}.Debug|x64.Build.0 = Debug|x64
		{DEDCFE91-712A-3C96-ACEF-C162D8F8B83E}.Release|x64.ActiveCfg = Release|x64
		{DEDCFE91-712A-3C96-ACEF-C162D8F8B83E}.Release|x64.Build.0 = Release|x64
		{DEDCFE91-712A-3C96-ACEF-C162D8F8B83E}.MinSizeRel|x64.ActiveCfg = MinSizeRel|x64
		{DEDCFE91-712A-3C96-ACEF-C162D8F8B83E}.MinSizeRel|x64.Build.0 = MinSizeRel|x64
		{DEDCFE91-712A-3C96-ACEF-C162D8F8B83E}.RelWithDebInfo|x64.ActiveCfg = RelWithDebInfo|x64
		{DEDCFE91-712A-3C96-ACEF-C162D8F8B83E}.RelWithDebInfo|x64.Build.0 = RelWithDebInfo|x64
		{54436006-A2B2-3B2D-AA96-B37C719BD3A9}.Debug|x64.ActiveCfg = Debug|x64
		{54436006-A2B2-3B2D-AA96-B37C719BD3A9}.Debug|x64.Build.0 = Debug|x64
		{54436006-A2B2-3B2D-AA96-B37C719BD3A9}.Release|x64.ActiveCfg = Release|x64
		{54436006-A2B2-3B2D-AA96-B37C719BD3A9}.Release|x64.Build.0 = Release|x64
		{54436006-A2B2-3B2D-AA96-B37C719BD3A9}.MinSizeRel|x64.ActiveCfg = MinSizeRel|x64
		{54436006-A2B2-3B2D-AA96-B37C719BD3A9}.MinSizeRel|x64.Build.0 = MinSizeRel|x64
		{54436006-A2B2-3B2D-AA96-B37C719BD3A9}.RelWithDebInfo|x64.ActiveCfg = RelWithDebInfo|x64
		{54436006-A2B2-3B2D-AA96-B37C719BD3A9}.RelWithDebInfo|x64.Build.0 = RelWithDebInfo|x64
		{9351A658-D834-372D-9B22-183ADECAB793}.Debug|x64.ActiveCfg = Debug|x64
		{9351A658-D834-372D-9B22-183ADECAB793}.Debug|x64.Build.0 = Debug|x64
		{9351A658-D834-372D-9B22-183ADECAB793}.Release|x64.ActiveCfg = Release|x64
		{9351A658-D834-372D-9B22-183ADECAB793}.Release|x64.Build.0 = Release|x64
		{9351A658-D834-372D-9B22-183ADECAB793}.MinSizeRel|x64.ActiveCfg = MinSizeRel|x64
		{9351A658-D834-372D-9B22-183ADECAB793}.MinSizeRel|x64.Build.0 = MinSizeRel|x64
		{9351A658-D834-372D-9B22-183ADECAB793}.RelWithDebInfo|x64.ActiveCfg = RelWithDebInfo|x64
		{9351A658-D834-372D-9B22-183ADECAB793}.RelWithDebInfo|x64.Build.0 = RelWithDebInfo|x64
		{1D84B2BE-A121-3CEA-B5CC-DE5EDE46A6DB}.Debug|x64.ActiveCfg = Debug|x64
		{1D84B2BE-A121-3CEA-B5CC-DE5EDE46A6DB}.Debug|x64.Build.0 = Debug|x64
		{1D84B2BE-A121-3CEA-B5CC-DE5EDE46A6DB}.Release|x64.ActiveCfg = Release|x64
		{1D84B2BE-A121-3CEA-B5CC-DE5EDE46A6DB}.Release|x64.Build.0 = Release|x64
		{1D84B2BE-A121-3CEA-B5CC-DE5EDE46A6DB}.MinSizeRel|x64.ActiveCfg = MinSizeRel|x64
		{1D84B2BE-A121-3CEA-B5CC-DE5EDE46A6DB}.MinSizeRel|x64.Build.0 = MinSizeRel|x64
		{1D84B2BE-A121-3CEA-B5CC-DE5EDE46A6DB}.RelWithDebInfo|x64.ActiveCfg = RelWithDebInfo|x64
		{1D84B2BE-A121-3CEA-B5CC-DE5EDE46A6DB}.RelWithDebInfo|x64.Build.0 = RelWithDebInfo|x64
		{A42983FC-1A11-3D1D-A161-8FEE07596A32}.Debug|x64.ActiveCfg = Debug|x64
		{A42983FC-1A11-3D1D-A161-8FEE07596A32}.Debug|x64.Build.0 = Debug|x64
		{A42983FC-1A11-3D1D-A161-8FEE07596A32}.Release|x64.ActiveCfg = Release|x64
		{A42983FC-1A11-3D1D-A161-8FEE07596A32}.Release|x64.Build.0 = Release|x64
		{A42983FC-1A11-3D1D-A161-8FEE07596A32}.MinSizeRel|x64.ActiveCfg = MinSizeRel|x64
		{A42983FC-1A11-3D1D-A161-8FEE07596A32}.MinSizeRel|x64.Build.0 = MinSizeRel|x64
		{A42983FC-1A11-3D1D-A161-8FEE07596A32}.RelWithDebInfo|x64.ActiveCfg = RelWithDebInfo|x64
		{A42983FC-1A11-3D1D-A161-8FEE07596A32}.RelWithDebInfo|x64.Build.0 = RelWithDebInfo|x64
		{4C198719-A15C-3B56-A521-0B0B9F955D61}.Debug|x64.ActiveCfg = Debug|x64
		{4C198719-A15C-3B56-A521-0B0B9F955D61}.Debug|x64.Build.0 = Debug|x64
		{4C198719-A15C-3B56-A521-0B0B9F955D61}.Release|x64.ActiveCfg = Release|x64
		{4C198719-A15C-3B56-A521-0B0B9F955D61}.Release|x64.Build.0 = Release|x64
		{4C198719-A15C-3B56-A521-0B0B9F955D61}.MinSizeRel|x64.ActiveCfg = MinSizeRel|x64
		{4C198719-A15C-3B56-A521-0B0B9F955D61}.MinSizeRel|x64.Build.0 = MinSizeRel|x64
		{4C198719-A15C-3B56-A521-0B0B9F955D61}.RelWithDebInfo|x64.ActiveCfg = RelWithDebInfo|x64
		{4C198719-A15C-3B56-A521-0B0B9F955D61}.RelWithDebInfo|x64.Build.0 = RelWithDebInfo|x64
		{9C625392-CFA8-3380-9524-BC5575E81FA6}.Debug|x64.ActiveCfg = Debug|x64
		{9C625392-CFA8-3380-9524-BC5575E81FA6}.Debug|x64.Build.0 = Debug|x64
		{9C625392-CFA8-3380-9524-BC5575E81FA6}.Release|x64.ActiveCfg = Release|x64
		{9C625392-CFA8-3380-9524-BC5575E81FA6}.Release|x64.Build.0 = Release|x64
		{9C625392-CFA8-3380-9524-BC5575E81FA6}.MinSizeRel|x64.ActiveCfg = MinSizeRel|x64
		{9C625392-CFA8-3380-9524-BC5575E81FA6}.MinSizeRel|x64.Build.0 = MinSizeRel|x64
		{9C625392-CFA8-3380-9524-BC5575E81FA6}.RelWithDebInfo|x64.ActiveCfg = RelWithDebInfo|x64
		{9C625392-CFA8-3380-9524-BC5575E81FA6}.RelWithDebInfo|x64.Build.0 = RelWithDebInfo|x64
		{5527705F-510F-3EDA-BD30-8CA9D7CAABD5}.Debug|x64.ActiveCfg = Debug|x64
		{5527705F-510F-3EDA-BD30-8CA9D7CAABD5}.Debug|x64.Build.0 = Debug|x64
		{5527705F-510F-3EDA-BD30-8CA9D7CAABD5}.Release|x64.ActiveCfg = Release|x64
		{5527705F-510F-3EDA-BD30-8CA9D7CAABD5}.Release|x64.Build.0 = Release|x64
		{5527705F-510F-3EDA-BD30-8CA9D7CAABD5}.MinSizeRel|x64.ActiveCfg = MinSizeRel|x64
		{5527705F-510F-3EDA-BD30-8CA9D7CAABD5}.MinSizeRel|x64.Build.0 = MinSizeRel|x64
		{5527705F-510F-3EDA-BD30-8CA9D7CAABD5}.RelWithDebInfo|x64.ActiveCfg = RelWithDebInfo|x64
		{5527705F-510F-3EDA-BD30-8CA9D7CAABD5}.RelWithDebInfo|x64.Build.0 = RelWithDebInfo|x64
	EndGlobalSection
	GlobalSection(ExtensibilityGlobals) = postSolution
		SolutionGuid = {232D2A28-AF11-3CC0-BE2B-5F0FF1845222}
	EndGlobalSection
	GlobalSection(ExtensibilityAddIns) = postSolution
	EndGlobalSection
EndGlobal
