<?xml version="1.0" encoding="utf-8"?>
<Project ToolsVersion="17.0" xmlns="http://schemas.microsoft.com/developer/msbuild/2003">
  <ItemGroup>
    <CustomBuild Include="D:\FluentPinyin\build-rime\CMakeFiles\3fc623709de6decf0c5a5296e4b2c09b\generate.stamp.rule">
      <Filter>CMake Rules</Filter>
    </CustomBuild>
  </ItemGroup>
  <ItemGroup>
    <Filter Include="CMake Rules">
      <UniqueIdentifier>{9BE38139-C7AA-3440-BE23-62F4A701C569}</UniqueIdentifier>
    </Filter>
  </ItemGroup>
</Project>
