<?xml version="1.0" encoding="utf-8"?>
<Project ToolsVersion="17.0" xmlns="http://schemas.microsoft.com/developer/msbuild/2003">
  <ItemGroup>
    <CustomBuild Include="D:\FluentPinyin\build-verify-safe2\CMakeFiles\3db61bdf7438b43e1214b2b369c75a01\generate.stamp.rule">
      <Filter>CMake Rules</Filter>
    </CustomBuild>
  </ItemGroup>
  <ItemGroup>
    <Filter Include="CMake Rules">
      <UniqueIdentifier>{58E30126-4F98-36DA-B2D1-44AD8C79EB36}</UniqueIdentifier>
    </Filter>
  </ItemGroup>
</Project>
