
Microsoft Visual Studio Solution File, Format Version 12.00
# Visual Studio Version 17
Project("{8BC9CEB8-8B4A-11D0-8D11-00A0C91BC942}") = "ALL_BUILD", "ALL_BUILD.vcxproj", "{F75FAFF2-3EE6-3BC8-A8CD-217496E46133}"
	ProjectSection(ProjectDependencies) = postProject
		{DDDAEC2E-0C36-3B8A-B556-DEDE1E56B406} = {DDDAEC2E-0C36-3B8A-B556-DEDE1E56B406}
		{B93D5B54-E318-3F55-BA5E-E598AB618EA5} = {B93D5B54-E318-3F55-BA5E-E598AB618EA5}
		{5BE9F262-3830-3CEE-AE40-BE70DC158BC9} = {5BE9F262-3830-3CEE-AE40-BE70DC158BC9}
		{1377A99B-5959-32A6-869E-AFB4C5AB7476} = {1377A99B-5959-32A6-869E-AFB4C5AB7476}
		{B5D78811-007E-3BD6-A108-8E87E64E2316} = {B5D78811-007E-3BD6-A108-8E87E64E2316}
		{5CCEA467-9630-3042-AE44-CA8C74CBD13E} = {5CCEA467-9630-3042-AE44-CA8C74CBD13E}
		{E0AD5FF4-B4F8-32CA-A216-5BEDF52C3C12} = {E0AD5FF4-B4F8-32CA-A216-5BEDF52C3C12}
		{A3D5E895-F27E-3D93-B7D1-4F1DA62B076C} = {A3D5E895-F27E-3D93-B7D1-4F1DA62B076C}
	EndProjectSection
EndProject
Project("{8BC9CEB8-8B4A-11D0-8D11-00A0C91BC942}") = "ZERO_CHECK", "ZERO_CHECK.vcxproj", "{DDDAEC2E-0C36-3B8A-B556-DEDE1E56B406}"
	ProjectSection(ProjectDependencies) = postProject
	EndProjectSection
EndProject
Project("{8BC9CEB8-8B4A-11D0-8D11-00A0C91BC942}") = "fp_common", "fp_common.vcxproj", "{B93D5B54-E318-3F55-BA5E-E598AB618EA5}"
	ProjectSection(ProjectDependencies) = postProject
		{DDDAEC2E-0C36-3B8A-B556-DEDE1E56B406} = {DDDAEC2E-0C36-3B8A-B556-DEDE1E56B406}
	EndProjectSection
EndProject
Project("{8BC9CEB8-8B4A-11D0-8D11-00A0C91BC942}") = "fp_config", "fp_config.vcxproj", "{5BE9F262-3830-3CEE-AE40-BE70DC158BC9}"
	ProjectSection(ProjectDependencies) = postProject
		{DDDAEC2E-0C36-3B8A-B556-DEDE1E56B406} = {DDDAEC2E-0C36-3B8A-B556-DEDE1E56B406}
		{B93D5B54-E318-3F55-BA5E-E598AB618EA5} = {B93D5B54-E318-3F55-BA5E-E598AB618EA5}
	EndProjectSection
EndProject
Project("{8BC9CEB8-8B4A-11D0-8D11-00A0C91BC942}") = "fp_core", "fp_core.vcxproj", "{1377A99B-5959-32A6-869E-AFB4C5AB7476}"
	ProjectSection(ProjectDependencies) = postProject
		{DDDAEC2E-0C36-3B8A-B556-DEDE1E56B406} = {DDDAEC2E-0C36-3B8A-B556-DEDE1E56B406}
		{B93D5B54-E318-3F55-BA5E-E598AB618EA5} = {B93D5B54-E318-3F55-BA5E-E598AB618EA5}
	EndProjectSection
EndProject
Project("{8BC9CEB8-8B4A-11D0-8D11-00A0C91BC942}") = "fp_devtools", "fp_devtools.vcxproj", "{B5D78811-007E-3BD6-A108-8E87E64E2316}"
	ProjectSection(ProjectDependencies) = postProject
		{DDDAEC2E-0C36-3B8A-B556-DEDE1E56B406} = {DDDAEC2E-0C36-3B8A-B556-DEDE1E56B406}
		{B93D5B54-E318-3F55-BA5E-E598AB618EA5} = {B93D5B54-E318-3F55-BA5E-E598AB618EA5}
	EndProjectSection
EndProject
Project("{8BC9CEB8-8B4A-11D0-8D11-00A0C91BC942}") = "fp_tsf", "fp_tsf.vcxproj", "{5CCEA467-9630-3042-AE44-CA8C74CBD13E}"
	ProjectSection(ProjectDependencies) = postProject
		{DDDAEC2E-0C36-3B8A-B556-DEDE1E56B406} = {DDDAEC2E-0C36-3B8A-B556-DEDE1E56B406}
		{B93D5B54-E318-3F55-BA5E-E598AB618EA5} = {B93D5B54-E318-3F55-BA5E-E598AB618EA5}
		{1377A99B-5959-32A6-869E-AFB4C5AB7476} = {1377A99B-5959-32A6-869E-AFB4C5AB7476}
	EndProjectSection
EndProject
Project("{8BC9CEB8-8B4A-11D0-8D11-00A0C91BC942}") = "fp_ui", "fp_ui.vcxproj", "{E0AD5FF4-B4F8-32CA-A216-5BEDF52C3C12}"
	ProjectSection(ProjectDependencies) = postProject
		{DDDAEC2E-0C36-3B8A-B556-DEDE1E56B406} = {DDDAEC2E-0C36-3B8A-B556-DEDE1E56B406}
		{B93D5B54-E318-3F55-BA5E-E598AB618EA5} = {B93D5B54-E318-3F55-BA5E-E598AB618EA5}
	EndProjectSection
EndProject
Project("{8BC9CEB8-8B4A-11D0-8D11-00A0C91BC942}") = "fp_updater", "fp_updater.vcxproj", "{A3D5E895-F27E-3D93-B7D1-4F1DA62B076C}"
	ProjectSection(ProjectDependencies) = postProject
		{DDDAEC2E-0C36-3B8A-B556-DEDE1E56B406} = {DDDAEC2E-0C36-3B8A-B556-DEDE1E56B406}
		{B93D5B54-E318-3F55-BA5E-E598AB618EA5} = {B93D5B54-E318-3F55-BA5E-E598AB618EA5}
	EndProjectSection
EndProject
Global
	GlobalSection(SolutionConfigurationPlatforms) = preSolution
		Debug|x64 = Debug|x64
		Release|x64 = Release|x64
		MinSizeRel|x64 = MinSizeRel|x64
		RelWithDebInfo|x64 = RelWithDebInfo|x64
	EndGlobalSection
	GlobalSection(ProjectConfigurationPlatforms) = postSolution
		{F75FAFF2-3EE6-3BC8-A8CD-217496E46133}.Debug|x64.ActiveCfg = Debug|x64
		{F75FAFF2-3EE6-3BC8-A8CD-217496E46133}.Release|x64.ActiveCfg = Release|x64
		{F75FAFF2-3EE6-3BC8-A8CD-217496E46133}.MinSizeRel|x64.ActiveCfg = MinSizeRel|x64
		{F75FAFF2-3EE6-3BC8-A8CD-217496E46133}.RelWithDebInfo|x64.ActiveCfg = RelWithDebInfo|x64
		{DDDAEC2E-0C36-3B8A-B556-DEDE1E56B406}.Debug|x64.ActiveCfg = Debug|x64
		{DDDAEC2E-0C36-3B8A-B556-DEDE1E56B406}.Debug|x64.Build.0 = Debug|x64
		{DDDAEC2E-0C36-3B8A-B556-DEDE1E56B406}.Release|x64.ActiveCfg = Release|x64
		{DDDAEC2E-0C36-3B8A-B556-DEDE1E56B406}.Release|x64.Build.0 = Release|x64
		{DDDAEC2E-0C36-3B8A-B556-DEDE1E56B406}.MinSizeRel|x64.ActiveCfg = MinSizeRel|x64
		{DDDAEC2E-0C36-3B8A-B556-DEDE1E56B406}.MinSizeRel|x64.Build.0 = MinSizeRel|x64
		{DDDAEC2E-0C36-3B8A-B556-DEDE1E56B406}.RelWithDebInfo|x64.ActiveCfg = RelWithDebInfo|x64
		{DDDAEC2E-0C36-3B8A-B556-DEDE1E56B406}.RelWithDebInfo|x64.Build.0 = RelWithDebInfo|x64
		{B93D5B54-E318-3F55-BA5E-E598AB618EA5}.Debug|x64.ActiveCfg = Debug|x64
		{B93D5B54-E318-3F55-BA5E-E598AB618EA5}.Debug|x64.Build.0 = Debug|x64
		{B93D5B54-E318-3F55-BA5E-E598AB618EA5}.Release|x64.ActiveCfg = Release|x64
		{B93D5B54-E318-3F55-BA5E-E598AB618EA5}.Release|x64.Build.0 = Release|x64
		{B93D5B54-E318-3F55-BA5E-E598AB618EA5}.MinSizeRel|x64.ActiveCfg = MinSizeRel|x64
		{B93D5B54-E318-3F55-BA5E-E598AB618EA5}.MinSizeRel|x64.Build.0 = MinSizeRel|x64
		{B93D5B54-E318-3F55-BA5E-E598AB618EA5}.RelWithDebInfo|x64.ActiveCfg = RelWithDebInfo|x64
		{B93D5B54-E318-3F55-BA5E-E598AB618EA5}.RelWithDebInfo|x64.Build.0 = RelWithDebInfo|x64
		{5BE9F262-3830-3CEE-AE40-BE70DC158BC9}.Debug|x64.ActiveCfg = Debug|x64
		{5BE9F262-3830-3CEE-AE40-BE70DC158BC9}.Debug|x64.Build.0 = Debug|x64
		{5BE9F262-3830-3CEE-AE40-BE70DC158BC9}.Release|x64.ActiveCfg = Release|x64
		{5BE9F262-3830-3CEE-AE40-BE70DC158BC9}.Release|x64.Build.0 = Release|x64
		{5BE9F262-3830-3CEE-AE40-BE70DC158BC9}.MinSizeRel|x64.ActiveCfg = MinSizeRel|x64
		{5BE9F262-3830-3CEE-AE40-BE70DC158BC9}.MinSizeRel|x64.Build.0 = MinSizeRel|x64
		{5BE9F262-3830-3CEE-AE40-BE70DC158BC9}.RelWithDebInfo|x64.ActiveCfg = RelWithDebInfo|x64
		{5BE9F262-3830-3CEE-AE40-BE70DC158BC9}.RelWithDebInfo|x64.Build.0 = RelWithDebInfo|x64
		{1377A99B-5959-32A6-869E-AFB4C5AB7476}.Debug|x64.ActiveCfg = Debug|x64
		{1377A99B-5959-32A6-869E-AFB4C5AB7476}.Debug|x64.Build.0 = Debug|x64
		{1377A99B-5959-32A6-869E-AFB4C5AB7476}.Release|x64.ActiveCfg = Release|x64
		{1377A99B-5959-32A6-869E-AFB4C5AB7476}.Release|x64.Build.0 = Release|x64
		{1377A99B-5959-32A6-869E-AFB4C5AB7476}.MinSizeRel|x64.ActiveCfg = MinSizeRel|x64
		{1377A99B-5959-32A6-869E-AFB4C5AB7476}.MinSizeRel|x64.Build.0 = MinSizeRel|x64
		{1377A99B-5959-32A6-869E-AFB4C5AB7476}.RelWithDebInfo|x64.ActiveCfg = RelWithDebInfo|x64
		{1377A99B-5959-32A6-869E-AFB4C5AB7476}.RelWithDebInfo|x64.Build.0 = RelWithDebInfo|x64
		{B5D78811-007E-3BD6-A108-8E87E64E2316}.Debug|x64.ActiveCfg = Debug|x64
		{B5D78811-007E-3BD6-A108-8E87E64E2316}.Debug|x64.Build.0 = Debug|x64
		{B5D78811-007E-3BD6-A108-8E87E64E2316}.Release|x64.ActiveCfg = Release|x64
		{B5D78811-007E-3BD6-A108-8E87E64E2316}.Release|x64.Build.0 = Release|x64
		{B5D78811-007E-3BD6-A108-8E87E64E2316}.MinSizeRel|x64.ActiveCfg = MinSizeRel|x64
		{B5D78811-007E-3BD6-A108-8E87E64E2316}.MinSizeRel|x64.Build.0 = MinSizeRel|x64
		{B5D78811-007E-3BD6-A108-8E87E64E2316}.RelWithDebInfo|x64.ActiveCfg = RelWithDebInfo|x64
		{B5D78811-007E-3BD6-A108-8E87E64E2316}.RelWithDebInfo|x64.Build.0 = RelWithDebInfo|x64
		{5CCEA467-9630-3042-AE44-CA8C74CBD13E}.Debug|x64.ActiveCfg = Debug|x64
		{5CCEA467-9630-3042-AE44-CA8C74CBD13E}.Debug|x64.Build.0 = Debug|x64
		{5CCEA467-9630-3042-AE44-CA8C74CBD13E}.Release|x64.ActiveCfg = Release|x64
		{5CCEA467-9630-3042-AE44-CA8C74CBD13E}.Release|x64.Build.0 = Release|x64
		{5CCEA467-9630-3042-AE44-CA8C74CBD13E}.MinSizeRel|x64.ActiveCfg = MinSizeRel|x64
		{5CCEA467-9630-3042-AE44-CA8C74CBD13E}.MinSizeRel|x64.Build.0 = MinSizeRel|x64
		{5CCEA467-9630-3042-AE44-CA8C74CBD13E}.RelWithDebInfo|x64.ActiveCfg = RelWithDebInfo|x64
		{5CCEA467-9630-3042-AE44-CA8C74CBD13E}.RelWithDebInfo|x64.Build.0 = RelWithDebInfo|x64
		{E0AD5FF4-B4F8-32CA-A216-5BEDF52C3C12}.Debug|x64.ActiveCfg = Debug|x64
		{E0AD5FF4-B4F8-32CA-A216-5BEDF52C3C12}.Debug|x64.Build.0 = Debug|x64
		{E0AD5FF4-B4F8-32CA-A216-5BEDF52C3C12}.Release|x64.ActiveCfg = Release|x64
		{E0AD5FF4-B4F8-32CA-A216-5BEDF52C3C12}.Release|x64.Build.0 = Release|x64
		{E0AD5FF4-B4F8-32CA-A216-5BEDF52C3C12}.MinSizeRel|x64.ActiveCfg = MinSizeRel|x64
		{E0AD5FF4-B4F8-32CA-A216-5BEDF52C3C12}.MinSizeRel|x64.Build.0 = MinSizeRel|x64
		{E0AD5FF4-B4F8-32CA-A216-5BEDF52C3C12}.RelWithDebInfo|x64.ActiveCfg = RelWithDebInfo|x64
		{E0AD5FF4-B4F8-32CA-A216-5BEDF52C3C12}.RelWithDebInfo|x64.Build.0 = RelWithDebInfo|x64
		{A3D5E895-F27E-3D93-B7D1-4F1DA62B076C}.Debug|x64.ActiveCfg = Debug|x64
		{A3D5E895-F27E-3D93-B7D1-4F1DA62B076C}.Debug|x64.Build.0 = Debug|x64
		{A3D5E895-F27E-3D93-B7D1-4F1DA62B076C}.Release|x64.ActiveCfg = Release|x64
		{A3D5E895-F27E-3D93-B7D1-4F1DA62B076C}.Release|x64.Build.0 = Release|x64
		{A3D5E895-F27E-3D93-B7D1-4F1DA62B076C}.MinSizeRel|x64.ActiveCfg = MinSizeRel|x64
		{A3D5E895-F27E-3D93-B7D1-4F1DA62B076C}.MinSizeRel|x64.Build.0 = MinSizeRel|x64
		{A3D5E895-F27E-3D93-B7D1-4F1DA62B076C}.RelWithDebInfo|x64.ActiveCfg = RelWithDebInfo|x64
		{A3D5E895-F27E-3D93-B7D1-4F1DA62B076C}.RelWithDebInfo|x64.Build.0 = RelWithDebInfo|x64
	EndGlobalSection
	GlobalSection(ExtensibilityGlobals) = postSolution
		SolutionGuid = {F1703D1C-0149-30AB-B071-0AF520BB4010}
	EndGlobalSection
	GlobalSection(ExtensibilityAddIns) = postSolution
	EndGlobalSection
EndGlobal
