<?xml version="1.0" encoding="utf-8"?>
<Project ToolsVersion="17.0" xmlns="http://schemas.microsoft.com/developer/msbuild/2003">
  <ItemGroup>
    <CustomBuild Include="D:\FluentPinyin\build-fp-label2\CMakeFiles\ef89281bcf72fb42b3dcf791f01775e9\generate.stamp.rule">
      <Filter>CMake Rules</Filter>
    </CustomBuild>
  </ItemGroup>
  <ItemGroup>
    <Filter Include="CMake Rules">
      <UniqueIdentifier>{6884ABBF-2CF7-34EE-B7C4-924DFB17ED8F}</UniqueIdentifier>
    </Filter>
  </ItemGroup>
</Project>
